
Microsoft Visual Studio Solution File, Format Version 12.00
Project("{FAE04EC0-301F-11D3-BF4B-00C04F79EFBC}") = "Laboratorium4.Zadanie1.NET", "Laboratorium4.Zadanie1.NET\Laboratorium4.Zadanie1.NET.csproj", "{35707C58-FA29-4ED3-BDE1-6F7B7F94FC71}"
EndProject
Global
	GlobalSection(SolutionConfigurationPlatforms) = preSolution
		Debug|Any CPU = Debug|Any CPU
		Release|Any CPU = Release|Any CPU
	EndGlobalSection
	GlobalSection(ProjectConfigurationPlatforms) = postSolution
		{35707C58-FA29-4ED3-BDE1-6F7B7F94FC71}.Debug|Any CPU.ActiveCfg = Debug|Any CPU
		{35707C58-FA29-4ED3-BDE1-6F7B7F94FC71}.Debug|Any CPU.Build.0 = Debug|Any CPU
		{35707C58-FA29-4ED3-BDE1-6F7B7F94FC71}.Release|Any CPU.ActiveCfg = Release|Any CPU
		{35707C58-FA29-4ED3-BDE1-6F7B7F94FC71}.Release|Any CPU.Build.0 = Release|Any CPU
	EndGlobalSection
EndGlobal
